
Microsoft Visual Studio Solution File, Format Version 12.00
# Visual Studio Version 17
VisualStudioVersion = 17.9.34723.18
MinimumVisualStudioVersion = 10.0.40219.1
Project("{9A19103F-16F7-4668-BE54-9A1E7A4F7556}") = "ClassDiagramGenerator", "ClassDiagramGenerator\ClassDiagramGenerator.csproj", "{62396C2E-2B23-41CA-877D-ACE18758FA6A}"
EndProject
Project("{FAE04EC0-301F-11D3-BF4B-00C04F79EFBC}") = "ClassDiagramGenerator.UnitTests", "ClassDiagramGenerator.UnitTests\ClassDiagramGenerator.UnitTests.csproj", "{F2BAE38D-767B-446B-B369-90D0CFCEC365}"
EndProject
Global
	GlobalSection(SolutionConfigurationPlatforms) = preSolution
		Debug|Any CPU = Debug|Any CPU
		Release|Any CPU = Release|Any CPU
	EndGlobalSection
	GlobalSection(ProjectConfigurationPlatforms) = postSolution
		{62396C2E-2B23-41CA-877D-ACE18758FA6A}.Debug|Any CPU.ActiveCfg = Debug|Any CPU
		{62396C2E-2B23-41CA-877D-ACE18758FA6A}.Debug|Any CPU.Build.0 = Debug|Any CPU
		{62396C2E-2B23-41CA-877D-ACE18758FA6A}.Release|Any CPU.ActiveCfg = Release|Any CPU
		{62396C2E-2B23-41CA-877D-ACE18758FA6A}.Release|Any CPU.Build.0 = Release|Any CPU
		{F2BAE38D-767B-446B-B369-90D0CFCEC365}.Debug|Any CPU.ActiveCfg = Debug|Any CPU
		{F2BAE38D-767B-446B-B369-90D0CFCEC365}.Debug|Any CPU.Build.0 = Debug|Any CPU
		{F2BAE38D-767B-446B-B369-90D0CFCEC365}.Release|Any CPU.ActiveCfg = Release|Any CPU
		{F2BAE38D-767B-446B-B369-90D0CFCEC365}.Release|Any CPU.Build.0 = Release|Any CPU
	EndGlobalSection
	GlobalSection(SolutionProperties) = preSolution
		HideSolutionNode = FALSE
	EndGlobalSection
	GlobalSection(ExtensibilityGlobals) = postSolution
		SolutionGuid = {F0E4F5AE-2C9C-4184-8801-A7FAFF4B4401}
	EndGlobalSection
EndGlobal
